
Microsoft Visual Studio Solution File, Format Version 12.00
# Visual Studio Version 17
VisualStudioVersion = 17.0.32126.317
MinimumVisualStudioVersion = 10.0.40219.1
Project("{FAE04EC0-301F-11D3-BF4B-00C04F79EFBC}") = "Pluto", "Pluto\Pluto.csproj", "{927648B5-B584-486F-8F3D-C99F7FAAB5AA}"
EndProject
Global
	GlobalSection(SolutionConfigurationPlatforms) = preSolution
		Debug|Any CPU = Debug|Any CPU
		Release|Any CPU = Release|Any CPU
	EndGlobalSection
	GlobalSection(ProjectConfigurationPlatforms) = postSolution
		{927648B5-B584-486F-8F3D-C99F7FAAB5AA}.Debug|Any CPU.ActiveCfg = Debug|Any CPU
		{927648B5-B584-486F-8F3D-C99F7FAAB5AA}.Debug|Any CPU.Build.0 = Debug|Any CPU
		{927648B5-B584-486F-8F3D-C99F7FAAB5AA}.Release|Any CPU.ActiveCfg = Release|Any CPU
		{927648B5-B584-486F-8F3D-C99F7FAAB5AA}.Release|Any CPU.Build.0 = Release|Any CPU
	EndGlobalSection
	GlobalSection(SolutionProperties) = preSolution
		HideSolutionNode = FALSE
	EndGlobalSection
	GlobalSection(ExtensibilityGlobals) = postSolution
		SolutionGuid = {673AFAE2-8128-486C-B1D0-D2FE673A5CCE}
	EndGlobalSection
EndGlobal
